
Microsoft Visual Studio Solution File, Format Version 12.00
# Visual Studio Version 17
VisualStudioVersion = 17.10.35122.118
MinimumVisualStudioVersion = 10.0.40219.1
Project("{FAE04EC0-301F-11D3-BF4B-00C04F79EFBC}") = "BookingManager", "BookingManager\BookingManager.csproj", "{D3178A91-2C9C-4A32-A933-116DF44119EE}"
EndProject
Global
	GlobalSection(SolutionConfigurationPlatforms) = preSolution
		Debug|Any CPU = Debug|Any CPU
		Release|Any CPU = Release|Any CPU
	EndGlobalSection
	GlobalSection(ProjectConfigurationPlatforms) = postSolution
		{D3178A91-2C9C-4A32-A933-116DF44119EE}.Debug|Any CPU.ActiveCfg = Debug|Any CPU
		{D3178A91-2C9C-4A32-A933-116DF44119EE}.Debug|Any CPU.Build.0 = Debug|Any CPU
		{D3178A91-2C9C-4A32-A933-116DF44119EE}.Release|Any CPU.ActiveCfg = Release|Any CPU
		{D3178A91-2C9C-4A32-A933-116DF44119EE}.Release|Any CPU.Build.0 = Release|Any CPU
	EndGlobalSection
	GlobalSection(SolutionProperties) = preSolution
		HideSolutionNode = FALSE
	EndGlobalSection
	GlobalSection(ExtensibilityGlobals) = postSolution
		SolutionGuid = {509B50B5-3DE2-4504-9C8B-12300C66CFF4}
	EndGlobalSection
EndGlobal
